
Microsoft Visual Studio Solution File, Format Version 10.00
# Visual Studio 2008
Project("{FAE04EC0-301F-11D3-BF4B-00C04F79EFBC}") = "Pipe", "Pipe\Pipe.csproj", "{B4BA0CC5-48F7-4E6F-9C1E-A04706F190A3}"
EndProject
Project("{FAE04EC0-301F-11D3-BF4B-00C04F79EFBC}") = "LuaImporter", "LuaImporter\LuaImporter.csproj", "{236D982E-59F7-4CE7-A2CE-3187210237E1}"
EndProject
Global
	GlobalSection(SolutionConfigurationPlatforms) = preSolution
		Debug|x86 = Debug|x86
		Debug|Xbox 360 = Debug|Xbox 360
		Debug|Zune = Debug|Zune
		Release|x86 = Release|x86
		Release|Xbox 360 = Release|Xbox 360
		Release|Zune = Release|Zune
	EndGlobalSection
	GlobalSection(ProjectConfigurationPlatforms) = postSolution
		{B4BA0CC5-48F7-4E6F-9C1E-A04706F190A3}.Debug|x86.ActiveCfg = Debug|x86
		{B4BA0CC5-48F7-4E6F-9C1E-A04706F190A3}.Debug|x86.Build.0 = Debug|x86
		{B4BA0CC5-48F7-4E6F-9C1E-A04706F190A3}.Debug|Xbox 360.ActiveCfg = Debug|x86
		{B4BA0CC5-48F7-4E6F-9C1E-A04706F190A3}.Debug|Zune.ActiveCfg = Debug|x86
		{B4BA0CC5-48F7-4E6F-9C1E-A04706F190A3}.Release|x86.ActiveCfg = Release|x86
		{B4BA0CC5-48F7-4E6F-9C1E-A04706F190A3}.Release|x86.Build.0 = Release|x86
		{B4BA0CC5-48F7-4E6F-9C1E-A04706F190A3}.Release|Xbox 360.ActiveCfg = Release|x86
		{B4BA0CC5-48F7-4E6F-9C1E-A04706F190A3}.Release|Zune.ActiveCfg = Release|x86
		{FCBBB8C4-4E15-4CC6-981F-8C42FC3EEE47}.Debug|x86.ActiveCfg = Debug|x86
		{FCBBB8C4-4E15-4CC6-981F-8C42FC3EEE47}.Debug|Xbox 360.ActiveCfg = Debug|x86
		{FCBBB8C4-4E15-4CC6-981F-8C42FC3EEE47}.Debug|Zune.ActiveCfg = Debug|x86
		{FCBBB8C4-4E15-4CC6-981F-8C42FC3EEE47}.Release|x86.ActiveCfg = Release|x86
		{FCBBB8C4-4E15-4CC6-981F-8C42FC3EEE47}.Release|Xbox 360.ActiveCfg = Release|x86
		{FCBBB8C4-4E15-4CC6-981F-8C42FC3EEE47}.Release|Zune.ActiveCfg = Release|x86
		{236D982E-59F7-4CE7-A2CE-3187210237E1}.Debug|x86.ActiveCfg = Debug|x86
		{236D982E-59F7-4CE7-A2CE-3187210237E1}.Debug|x86.Build.0 = Debug|x86
		{236D982E-59F7-4CE7-A2CE-3187210237E1}.Debug|Xbox 360.ActiveCfg = Debug|Xbox 360
		{236D982E-59F7-4CE7-A2CE-3187210237E1}.Debug|Xbox 360.Build.0 = Debug|Xbox 360
		{236D982E-59F7-4CE7-A2CE-3187210237E1}.Debug|Zune.ActiveCfg = Debug|Zune
		{236D982E-59F7-4CE7-A2CE-3187210237E1}.Debug|Zune.Build.0 = Debug|Zune
		{236D982E-59F7-4CE7-A2CE-3187210237E1}.Release|x86.ActiveCfg = Release|x86
		{236D982E-59F7-4CE7-A2CE-3187210237E1}.Release|x86.Build.0 = Release|x86
		{236D982E-59F7-4CE7-A2CE-3187210237E1}.Release|Xbox 360.ActiveCfg = Release|Xbox 360
		{236D982E-59F7-4CE7-A2CE-3187210237E1}.Release|Xbox 360.Build.0 = Release|Xbox 360
		{236D982E-59F7-4CE7-A2CE-3187210237E1}.Release|Zune.ActiveCfg = Release|Zune
		{236D982E-59F7-4CE7-A2CE-3187210237E1}.Release|Zune.Build.0 = Release|Zune
	EndGlobalSection
	GlobalSection(SolutionProperties) = preSolution
		HideSolutionNode = FALSE
	EndGlobalSection
EndGlobal
